// !$*UTF8*$!
{
	archiveVersion = 1;
	classes = {
	};
	objectVersion = 46;
	objects = {

/* Begin PBXBuildFile section */
		0207DA581B56EA530066E2B4 /* Images.xcassets in Resources */ = {isa = PBXBuildFile; fileRef = 0207DA571B56EA530066E2B4 /* Images.xcassets */; };
		04B8A3D2F41045A18CC1CC4F /* libvpx.a in Frameworks */ = {isa = PBXBuildFile; fileRef = C3F234BFBE5D4A6AA277088A /* libvpx.a */; };
		07326E84E68B4145AB1AA463 /* libopus.a in Frameworks */ = {isa = PBXBuildFile; fileRef = EA7D15D9EC9045088AEAD035 /* libopus.a */; };
		0915DFB64E824A3E85C8AC72 /* libbctoolbox.a in Frameworks */ = {isa = PBXBuildFile; fileRef = 1CC3AAFC0F1749C48FF3C2C3 /* libbctoolbox.a */; };
		0DA5B8D8B5B04EF39835E90E /* liblinphone.a in Frameworks */ = {isa = PBXBuildFile; fileRef = 1208F4307BA74176BDAB9261 /* liblinphone.a */; };
		12EB56FD015B4C1B9E3874E1 /* libmsx264.a in Frameworks */ = {isa = PBXBuildFile; fileRef = FB1F1BBBF5734BFFB7007233 /* libmsx264.a */; };
		14133DFB9D234A4AA079864F /* SystemConfiguration.framework in Frameworks */ = {isa = PBXBuildFile; fileRef = 8E3A731662AB46E5BC0CF49D /* SystemConfiguration.framework */; };
		1477BC5915674BBE9C85DD92 /* AFHTTPSessionManager.m in Sources */ = {isa = PBXBuildFile; fileRef = E0317CB81109479193F603ED /* AFHTTPSessionManager.m */; };
		16604A778BA94EB8BF38D12E /* libstdc++.6.tbd in Frameworks */ = {isa = PBXBuildFile; fileRef = EBBCBFD71B4D4F2AB871A340 /* libstdc++.6.tbd */; };
		1C53039F86EB4E04919E62FD /* libavutil.a in Frameworks */ = {isa = PBXBuildFile; fileRef = 693F210102EE4E31855BF185 /* libavutil.a */; };
		1D3623260D0F684500981E51 /* AppDelegate.m in Sources */ = {isa = PBXBuildFile; fileRef = 1D3623250D0F684500981E51 /* AppDelegate.m */; };
		1D60589B0D05DD56006BFB54 /* main.m in Sources */ = {isa = PBXBuildFile; fileRef = 29B97316FDCFA39411CA2CEA /* main.m */; };
		22D928342E7946A786B93042 /* libortp.a in Frameworks */ = {isa = PBXBuildFile; fileRef = 6F79384F3CC841C29920F418 /* libortp.a */; };
		248073F6DF1A4545AFC8A438 /* CordovaWebsocketPlugin.m in Sources */ = {isa = PBXBuildFile; fileRef = 2C3A9AB58C124BBFBA7B004E /* CordovaWebsocketPlugin.m */; };
		250233CBD81F4EAB857DFD05 /* libmatroska2.a in Frameworks */ = {isa = PBXBuildFile; fileRef = 26CCEE380AEA47D6820C9B40 /* libmatroska2.a */; };
		25ABDF9362924A27B7B394F7 /* libopenh264.a in Frameworks */ = {isa = PBXBuildFile; fileRef = 539514C7A1014E598EF2C7BB /* libopenh264.a */; };
		29D3D056FAFF43DC9170C610 /* libmsamr.a in Frameworks */ = {isa = PBXBuildFile; fileRef = F70B62475AF3468995A983D4 /* libmsamr.a */; };
		2AD4C763CC6048C596352071 /* libc++abi.tbd in Frameworks */ = {isa = PBXBuildFile; fileRef = 800535D3FDDC4145A27E2C25 /* libc++abi.tbd */; };
		2C5BA3B52940492888650DEE /* CDVLocalFilesystem.m in Sources */ = {isa = PBXBuildFile; fileRef = 9D519FDB0F36484B88ECF091 /* CDVLocalFilesystem.m */; };
		301BF552109A68D80062928A /* libCordova.a in Frameworks */ = {isa = PBXBuildFile; fileRef = 301BF535109A57CC0062928A /* libCordova.a */; settings = {ATTRIBUTES = (Required, ); }; };
		302D95F114D2391D003F00A1 /* MainViewController.m in Sources */ = {isa = PBXBuildFile; fileRef = 302D95EF14D2391D003F00A1 /* MainViewController.m */; };
		302D95F214D2391D003F00A1 /* MainViewController.xib in Resources */ = {isa = PBXBuildFile; fileRef = 302D95F014D2391D003F00A1 /* MainViewController.xib */; };
		35116A1844694455B0628AD6 /* AFURLSessionManager.m in Sources */ = {isa = PBXBuildFile; fileRef = 7C1941C344024D2492B3097C /* AFURLSessionManager.m */; };
		3EE61D4AAC07453BAFBABA86 /* libavcodec.a in Frameworks */ = {isa = PBXBuildFile; fileRef = 3BD5AA2385C24CE2A9740D1C /* libavcodec.a */; };
		4508B4288853479CA4F1F494 /* libswresample.a in Frameworks */ = {isa = PBXBuildFile; fileRef = 0C4E00501D9949FB961E3E34 /* libswresample.a */; };
		45C2E5CFEB504B50A52A89CD /* libsrtp.a in Frameworks */ = {isa = PBXBuildFile; fileRef = 5999FDB35B99474487E2012C /* libsrtp.a */; };
		47987DC323E34704934AF6B2 /* Security.framework in Frameworks */ = {isa = PBXBuildFile; fileRef = 46BE55CF45FC4397BA316CF0 /* Security.framework */; };
		47DE3A080610406A80B75778 /* liblinphonetester.a in Frameworks */ = {isa = PBXBuildFile; fileRef = EC74A91F5419415D846F79D1 /* liblinphonetester.a */; };
		486BBC4115F245A39157425B /* libbcg729.a in Frameworks */ = {isa = PBXBuildFile; fileRef = 39A56E4197424014914465D2 /* libbcg729.a */; };
		4ACB0DC5F0CD4445906F8908 /* libantlr3c.a in Frameworks */ = {isa = PBXBuildFile; fileRef = 1E13C2B05CEB4421A8948E37 /* libantlr3c.a */; };
		520DE40D3C824B2E86EC44A2 /* libbellesip.a in Frameworks */ = {isa = PBXBuildFile; fileRef = 1BF675B898B14914A9370881 /* libbellesip.a */; };
		6AFF5BF91D6E424B00AB3073 /* CDVLaunchScreen.storyboard in Resources */ = {isa = PBXBuildFile; fileRef = 6AFF5BF81D6E424B00AB3073 /* CDVLaunchScreen.storyboard */; };
		6D973D9C693D4A56AFF827C9 /* CoreFoundation.framework in Frameworks */ = {isa = PBXBuildFile; fileRef = EC5E26E169D44CD9AB57D863 /* CoreFoundation.framework */; };
		6FD43AFB5C0843AA888A9746 /* libresolv.tbd in Frameworks */ = {isa = PBXBuildFile; fileRef = BF85BB9B4BBC40CFB69BC765 /* libresolv.tbd */; };
		72D825A96F40417DA3CE1B3A /* libmssilk.a in Frameworks */ = {isa = PBXBuildFile; fileRef = 6701523A8D814F7C9D875E54 /* libmssilk.a */; };
		74DAC035512541719D69935F /* CDVAssetLibraryFilesystem.m in Sources */ = {isa = PBXBuildFile; fileRef = 06AF81E5FDC743548D64E239 /* CDVAssetLibraryFilesystem.m */; };
		7A2D864BEF744725823FF0A7 /* libebml2.a in Frameworks */ = {isa = PBXBuildFile; fileRef = C0E8E2F62C3248999E6CE541 /* libebml2.a */; };
		7AD7EAED24404B0095D8DA9C /* libxml2.tbd in Frameworks */ = {isa = PBXBuildFile; fileRef = 5859A635887C430B95336CAD /* libxml2.tbd */; };
		7B5DA04E3C8E4E39906E9B5A /* TextResponseSerializer.m in Sources */ = {isa = PBXBuildFile; fileRef = 6C0D611B3F41488E91699E19 /* TextResponseSerializer.m */; };
		7D1DC638597F495D99C930B0 /* libmediastreamer_base.a in Frameworks */ = {isa = PBXBuildFile; fileRef = 5BD1F47788064C989EB3E0F3 /* libmediastreamer_base.a */; };
		7DAFB058036E404C85DEC942 /* AFNetworkReachabilityManager.m in Sources */ = {isa = PBXBuildFile; fileRef = B44EBAA77C494CBF967D05DF /* AFNetworkReachabilityManager.m */; };
		7E37C0DE8A1747018A5FFD5D /* libopencore-amrwb.a in Frameworks */ = {isa = PBXBuildFile; fileRef = 3FABE4CD801248279367DB0C /* libopencore-amrwb.a */; };
		8198EA3D885F4B10BA3C0A60 /* libtunnel.a in Frameworks */ = {isa = PBXBuildFile; fileRef = 7DF01EE6203F444086965F87 /* libtunnel.a */; };
		8361CBB312C843D6856BEC5F /* libsqlite3.tbd in Frameworks */ = {isa = PBXBuildFile; fileRef = 70282246E44A4AA696638673 /* libsqlite3.tbd */; };
		9057EB1BDC7041389DE393BD /* libstdc++.6.0.9.tbd in Frameworks */ = {isa = PBXBuildFile; fileRef = 43E30A48D97C4AA3A6AD7C0B /* libstdc++.6.0.9.tbd */; };
		92EEF7D43952474B8281F24F /* AFURLRequestSerialization.m in Sources */ = {isa = PBXBuildFile; fileRef = B2BC6579D38444E4BB533643 /* AFURLRequestSerialization.m */; };
		9712B3763D194BAEA9A348E5 /* libspeex.a in Frameworks */ = {isa = PBXBuildFile; fileRef = 8850DE407C8E4BB2905D2C6A /* libspeex.a */; };
		9FC11A161D7E498AAC47CA3D /* libmediastreamer_voip.a in Frameworks */ = {isa = PBXBuildFile; fileRef = 78B5C06FD699487C9ECB952D /* libmediastreamer_voip.a */; };
		9FF63AC31E4547F9822ADA17 /* libvo-amrwbenc.a in Frameworks */ = {isa = PBXBuildFile; fileRef = FE936A4DA935491B80D8B144 /* libvo-amrwbenc.a */; };
		A04CA011154C435DB711D61D /* CoreMedia.framework in Frameworks */ = {isa = PBXBuildFile; fileRef = A46733116ED74BDBBECF56F2 /* CoreMedia.framework */; };
		A51EFDDFAE404FAE9B44360A /* AudioToolbox.framework in Frameworks */ = {isa = PBXBuildFile; fileRef = F21D2D8305334980859FD601 /* AudioToolbox.framework */; };
		AD214C50CAE442D985FE67D7 /* AFSecurityPolicy.m in Sources */ = {isa = PBXBuildFile; fileRef = 0899C73F204D41D2A2E91C32 /* AFSecurityPolicy.m */; };
		B191692DB8EF4C6CB465563A /* libz.tbd in Frameworks */ = {isa = PBXBuildFile; fileRef = E8579C0A5E504D1880F5B471 /* libz.tbd */; };
		B610813CF65F463FB1CBF21F /* libspeexdsp.a in Frameworks */ = {isa = PBXBuildFile; fileRef = 9CD9AC30D5854192AEFFAA1D /* libspeexdsp.a */; };
		B9760885BBF74EDDA9704656 /* AFURLResponseSerialization.m in Sources */ = {isa = PBXBuildFile; fileRef = E9E7A8A535D343A2A1BAC8A5 /* AFURLResponseSerialization.m */; };
		BB451D457607472D854C4950 /* libopencore-amrnb.a in Frameworks */ = {isa = PBXBuildFile; fileRef = 6197A4635F2445E1AD17A1FC /* libopencore-amrnb.a */; };
		BD33E96AF4114F259580F6FE /* libpolarssl.a in Frameworks */ = {isa = PBXBuildFile; fileRef = AB5F633120EC43A88AF79D93 /* libpolarssl.a */; };
		BEB0E3BE2A7841DFB9D51622 /* libx264.a in Frameworks */ = {isa = PBXBuildFile; fileRef = 1F1AAA2F05294E5ABE03681A /* libx264.a */; };
		BF4C3422976D49408E41BB8F /* CordovaHttpPlugin.m in Sources */ = {isa = PBXBuildFile; fileRef = 252714907F14474DADAF4C94 /* CordovaHttpPlugin.m */; };
		BF951E097A2F4AA0A6AC1FAF /* libstdc++.tbd in Frameworks */ = {isa = PBXBuildFile; fileRef = F136463483004BE0B8EB3B4D /* libstdc++.tbd */; };
		C292FA0B9176422DBCF6C45A /* libmsbcg729.a in Frameworks */ = {isa = PBXBuildFile; fileRef = 431FC5F7E786432AA9ACDC09 /* libmsbcg729.a */; };
		CBBD0ED35D6249A3B5A96A85 /* libgsm.a in Frameworks */ = {isa = PBXBuildFile; fileRef = 8CD68F2EFC2341089335F3E8 /* libgsm.a */; };
		CC14BCE7CA624E18AE112613 /* libmsopenh264.a in Frameworks */ = {isa = PBXBuildFile; fileRef = 7E3B731389694EB7942A5004 /* libmsopenh264.a */; };
		D290FF198B2A4F05B6D2FECA /* libswscale.a in Frameworks */ = {isa = PBXBuildFile; fileRef = F060AAD71D9B4266ABA369B3 /* libswscale.a */; };
		D39DEF6ED8D44E97A0C6E68F /* share in Sources */ = {isa = PBXBuildFile; fileRef = 8257F1675FBF4A29A8672AAE /* share */; };
		D50FB3EF8C5F4C5C9A2CCFBA /* AVFoundation.framework in Frameworks */ = {isa = PBXBuildFile; fileRef = 5319BF3AE7F44161BA9DDF22 /* AVFoundation.framework */; };
		D56E9A49E0A34ACD90F306A6 /* libcorec.a in Frameworks */ = {isa = PBXBuildFile; fileRef = 1E0A1C0A0F754CD1AC744902 /* libcorec.a */; };
		DB9220448A644800B1CB2272 /* libbzrtp.a in Frameworks */ = {isa = PBXBuildFile; fileRef = B24E062C99844C1A9CFE5739 /* libbzrtp.a */; };
		DC8F12B4969E4B9CA53A2805 /* CDVFile.m in Sources */ = {isa = PBXBuildFile; fileRef = F89860D5B3FF4211BCECCC39 /* CDVFile.m */; };
		E0BD56C41FFF4EEFBFA62190 /* CoreAudio.framework in Frameworks */ = {isa = PBXBuildFile; fileRef = EB2F075E86AC4B6AA721980C /* CoreAudio.framework */; };
		E159831BFACE460A952CE337 /* CoreData.framework in Frameworks */ = {isa = PBXBuildFile; fileRef = 9E7FCA33837B44F2B8356A51 /* CoreData.framework */; };
		E6B4F0AD3EB148A7BED45E47 /* CDVOrientation.m in Sources */ = {isa = PBXBuildFile; fileRef = 20B77A5633714EF68F11FAB7 /* CDVOrientation.m */; };
		E8E954E472704F06B006D57A /* WebSocketAdvanced.m in Sources */ = {isa = PBXBuildFile; fileRef = 34FCF041BB1549FE956C9C60 /* WebSocketAdvanced.m */; };
		EE80993A3BCC47B48E29B200 /* Linphone.m in Sources */ = {isa = PBXBuildFile; fileRef = 22E7E5B16BDF4C87AF95C897 /* Linphone.m */; };
		F0378F730EF349EF89270146 /* libmswebrtc.a in Frameworks */ = {isa = PBXBuildFile; fileRef = 5E35C952248B485E9666B6CE /* libmswebrtc.a */; };
		FA0C6D0A834E48F9B7B4A69E /* libcunit.a in Frameworks */ = {isa = PBXBuildFile; fileRef = F1F2B37203944372A5E402DC /* libcunit.a */; };
/* End PBXBuildFile section */

/* Begin PBXContainerItemProxy section */
		301BF534109A57CC0062928A /* PBXContainerItemProxy */ = {
			isa = PBXContainerItemProxy;
			containerPortal = 301BF52D109A57CC0062928A /* CordovaLib/CordovaLib.xcodeproj */;
			proxyType = 2;
			remoteGlobalIDString = D2AAC07E0554694100DB518D;
			remoteInfo = CordovaLib;
		};
		301BF550109A68C00062928A /* PBXContainerItemProxy */ = {
			isa = PBXContainerItemProxy;
			containerPortal = 301BF52D109A57CC0062928A /* CordovaLib/CordovaLib.xcodeproj */;
			proxyType = 1;
			remoteGlobalIDString = D2AAC07D0554694100DB518D;
			remoteInfo = CordovaLib;
		};
		907D8123214C687600058A10 /* PBXContainerItemProxy */ = {
			isa = PBXContainerItemProxy;
			containerPortal = 301BF52D109A57CC0062928A /* CordovaLib/CordovaLib.xcodeproj */;
			proxyType = 2;
			remoteGlobalIDString = C0C01EB21E3911D50056E6CB;
			remoteInfo = Cordova;
		};
/* End PBXContainerItemProxy section */

/* Begin PBXFileReference section */
		0207DA571B56EA530066E2B4 /* Images.xcassets */ = {isa = PBXFileReference; lastKnownFileType = folder.assetcatalog; name = Images.xcassets; path = DatiMob/Images.xcassets; sourceTree = SOURCE_ROOT; };
		06AF81E5FDC743548D64E239 /* CDVAssetLibraryFilesystem.m */ = {isa = PBXFileReference; explicitFileType = undefined; fileEncoding = 4; includeInIndex = 0; lastKnownFileType = sourcecode.c.objc; name = CDVAssetLibraryFilesystem.m; path = "cordova-plugin-file/CDVAssetLibraryFilesystem.m"; sourceTree = "<group>"; };
		0899C73F204D41D2A2E91C32 /* AFSecurityPolicy.m */ = {isa = PBXFileReference; explicitFileType = undefined; fileEncoding = 4; includeInIndex = 0; lastKnownFileType = sourcecode.c.objc; name = AFSecurityPolicy.m; path = "cordova-plugin-advanced-http/AFSecurityPolicy.m"; sourceTree = "<group>"; };
		0C4E00501D9949FB961E3E34 /* libswresample.a */ = {isa = PBXFileReference; explicitFileType = undefined; fileEncoding = 9; includeInIndex = 0; lastKnownFileType = archive.ar; name = libswresample.a; path = DatiMob/Plugins/cordova_voip_plugin/lib/libswresample.a; sourceTree = "<group>"; };
		0DCBC75F1F17497C875303A0 /* AFNetworkReachabilityManager.h */ = {isa = PBXFileReference; explicitFileType = undefined; fileEncoding = 4; includeInIndex = 0; lastKnownFileType = sourcecode.c.h; name = AFNetworkReachabilityManager.h; path = "cordova-plugin-advanced-http/AFNetworkReachabilityManager.h"; sourceTree = "<group>"; };
		1208F4307BA74176BDAB9261 /* liblinphone.a */ = {isa = PBXFileReference; explicitFileType = undefined; fileEncoding = 9; includeInIndex = 0; lastKnownFileType = archive.ar; name = liblinphone.a; path = DatiMob/Plugins/cordova_voip_plugin/lib/liblinphone.a; sourceTree = "<group>"; };
		1B0E22D62F294982A1B36351 /* CordovaHttpPlugin.h */ = {isa = PBXFileReference; explicitFileType = undefined; fileEncoding = 4; includeInIndex = 0; lastKnownFileType = sourcecode.c.h; name = CordovaHttpPlugin.h; path = "cordova-plugin-advanced-http/CordovaHttpPlugin.h"; sourceTree = "<group>"; };
		1BF675B898B14914A9370881 /* libbellesip.a */ = {isa = PBXFileReference; explicitFileType = undefined; fileEncoding = 9; includeInIndex = 0; lastKnownFileType = archive.ar; name = libbellesip.a; path = DatiMob/Plugins/cordova_voip_plugin/lib/libbellesip.a; sourceTree = "<group>"; };
		1CC3AAFC0F1749C48FF3C2C3 /* libbctoolbox.a */ = {isa = PBXFileReference; explicitFileType = undefined; fileEncoding = 9; includeInIndex = 0; lastKnownFileType = archive.ar; name = libbctoolbox.a; path = DatiMob/Plugins/cordova_voip_plugin/lib/libbctoolbox.a; sourceTree = "<group>"; };
		1D3623240D0F684500981E51 /* AppDelegate.h */ = {isa = PBXFileReference; fileEncoding = 4; lastKnownFileType = sourcecode.c.h; path = AppDelegate.h; sourceTree = "<group>"; };
		1D3623250D0F684500981E51 /* AppDelegate.m */ = {isa = PBXFileReference; fileEncoding = 4; lastKnownFileType = sourcecode.c.objc; path = AppDelegate.m; sourceTree = "<group>"; };
		1D6058910D05DD3D006BFB54 /* DatiMob.app */ = {isa = PBXFileReference; explicitFileType = wrapper.application; includeInIndex = 0; path = DatiMob.app; sourceTree = BUILT_PRODUCTS_DIR; };
		1E0A1C0A0F754CD1AC744902 /* libcorec.a */ = {isa = PBXFileReference; explicitFileType = undefined; fileEncoding = 9; includeInIndex = 0; lastKnownFileType = archive.ar; name = libcorec.a; path = DatiMob/Plugins/cordova_voip_plugin/lib/libcorec.a; sourceTree = "<group>"; };
		1E13C2B05CEB4421A8948E37 /* libantlr3c.a */ = {isa = PBXFileReference; explicitFileType = undefined; fileEncoding = 9; includeInIndex = 0; lastKnownFileType = archive.ar; name = libantlr3c.a; path = DatiMob/Plugins/cordova_voip_plugin/lib/libantlr3c.a; sourceTree = "<group>"; };
		1F1AAA2F05294E5ABE03681A /* libx264.a */ = {isa = PBXFileReference; explicitFileType = undefined; fileEncoding = 9; includeInIndex = 0; lastKnownFileType = archive.ar; name = libx264.a; path = DatiMob/Plugins/cordova_voip_plugin/lib/libx264.a; sourceTree = "<group>"; };
		1F9AAFD896FA4C738B21188C /* TextResponseSerializer.h */ = {isa = PBXFileReference; explicitFileType = undefined; fileEncoding = 4; includeInIndex = 0; lastKnownFileType = sourcecode.c.h; name = TextResponseSerializer.h; path = "cordova-plugin-advanced-http/TextResponseSerializer.h"; sourceTree = "<group>"; };
		20B77A5633714EF68F11FAB7 /* CDVOrientation.m */ = {isa = PBXFileReference; explicitFileType = undefined; fileEncoding = 4; includeInIndex = 0; lastKnownFileType = sourcecode.c.objc; name = CDVOrientation.m; path = "cordova-plugin-screen-orientation/CDVOrientation.m"; sourceTree = "<group>"; };
		22E7E5B16BDF4C87AF95C897 /* Linphone.m */ = {isa = PBXFileReference; explicitFileType = undefined; fileEncoding = 4; includeInIndex = 0; lastKnownFileType = sourcecode.c.objc; name = Linphone.m; path = cordova_voip_plugin/Linphone.m; sourceTree = "<group>"; };
		252714907F14474DADAF4C94 /* CordovaHttpPlugin.m */ = {isa = PBXFileReference; explicitFileType = undefined; fileEncoding = 4; includeInIndex = 0; lastKnownFileType = sourcecode.c.objc; name = CordovaHttpPlugin.m; path = "cordova-plugin-advanced-http/CordovaHttpPlugin.m"; sourceTree = "<group>"; };
		26118509768843AC9C56EA75 /* AFSecurityPolicy.h */ = {isa = PBXFileReference; explicitFileType = undefined; fileEncoding = 4; includeInIndex = 0; lastKnownFileType = sourcecode.c.h; name = AFSecurityPolicy.h; path = "cordova-plugin-advanced-http/AFSecurityPolicy.h"; sourceTree = "<group>"; };
		26CCEE380AEA47D6820C9B40 /* libmatroska2.a */ = {isa = PBXFileReference; explicitFileType = undefined; fileEncoding = 9; includeInIndex = 0; lastKnownFileType = archive.ar; name = libmatroska2.a; path = DatiMob/Plugins/cordova_voip_plugin/lib/libmatroska2.a; sourceTree = "<group>"; };
		278C427B4C3946DF9A40956A /* AFURLSessionManager.h */ = {isa = PBXFileReference; explicitFileType = undefined; fileEncoding = 4; includeInIndex = 0; lastKnownFileType = sourcecode.c.h; name = AFURLSessionManager.h; path = "cordova-plugin-advanced-http/AFURLSessionManager.h"; sourceTree = "<group>"; };
		29B97316FDCFA39411CA2CEA /* main.m */ = {isa = PBXFileReference; fileEncoding = 4; lastKnownFileType = sourcecode.c.objc; path = main.m; sourceTree = "<group>"; };
		2C3A9AB58C124BBFBA7B004E /* CordovaWebsocketPlugin.m */ = {isa = PBXFileReference; explicitFileType = undefined; fileEncoding = 4; includeInIndex = 0; lastKnownFileType = sourcecode.c.objc; name = CordovaWebsocketPlugin.m; path = "cordova-plugin-advanced-websocket/CordovaWebsocketPlugin.m"; sourceTree = "<group>"; };
		301BF52D109A57CC0062928A /* CordovaLib/CordovaLib.xcodeproj */ = {isa = PBXFileReference; lastKnownFileType = "wrapper.pb-project"; path = CordovaLib/CordovaLib.xcodeproj; sourceTree = "<group>"; };
		301BF56E109A69640062928A /* www */ = {isa = PBXFileReference; lastKnownFileType = folder; path = www; sourceTree = SOURCE_ROOT; };
		302D95EE14D2391D003F00A1 /* MainViewController.h */ = {isa = PBXFileReference; fileEncoding = 4; lastKnownFileType = sourcecode.c.h; path = MainViewController.h; sourceTree = "<group>"; };
		302D95EF14D2391D003F00A1 /* MainViewController.m */ = {isa = PBXFileReference; fileEncoding = 4; lastKnownFileType = sourcecode.c.objc; path = MainViewController.m; sourceTree = "<group>"; };
		302D95F014D2391D003F00A1 /* MainViewController.xib */ = {isa = PBXFileReference; fileEncoding = 4; lastKnownFileType = file.xib; path = MainViewController.xib; sourceTree = "<group>"; };
		3047A50F1AB8059700498E2A /* build-debug.xcconfig */ = {isa = PBXFileReference; fileEncoding = 4; lastKnownFileType = text.xcconfig; name = "build-debug.xcconfig"; path = "cordova/build-debug.xcconfig"; sourceTree = SOURCE_ROOT; };
		3047A5101AB8059700498E2A /* build-release.xcconfig */ = {isa = PBXFileReference; fileEncoding = 4; lastKnownFileType = text.xcconfig; name = "build-release.xcconfig"; path = "cordova/build-release.xcconfig"; sourceTree = SOURCE_ROOT; };
		3047A5111AB8059700498E2A /* build.xcconfig */ = {isa = PBXFileReference; fileEncoding = 4; lastKnownFileType = text.xcconfig; name = build.xcconfig; path = cordova/build.xcconfig; sourceTree = SOURCE_ROOT; };
		32CA4F630368D1EE00C91783 /* DatiMob-Prefix.pch */ = {isa = PBXFileReference; fileEncoding = 4; lastKnownFileType = sourcecode.c.h; path = "DatiMob-Prefix.pch"; sourceTree = "<group>"; };
		34FCF041BB1549FE956C9C60 /* WebSocketAdvanced.m */ = {isa = PBXFileReference; explicitFileType = undefined; fileEncoding = 4; includeInIndex = 0; lastKnownFileType = sourcecode.c.objc; name = WebSocketAdvanced.m; path = "cordova-plugin-advanced-websocket/WebSocketAdvanced.m"; sourceTree = "<group>"; };
		3606569BD7264509B1BB6EF4 /* CDVAssetLibraryFilesystem.h */ = {isa = PBXFileReference; explicitFileType = undefined; fileEncoding = 4; includeInIndex = 0; lastKnownFileType = sourcecode.c.h; name = CDVAssetLibraryFilesystem.h; path = "cordova-plugin-file/CDVAssetLibraryFilesystem.h"; sourceTree = "<group>"; };
		3663749364474CA682FB335A /* AFNetworking.h */ = {isa = PBXFileReference; explicitFileType = undefined; fileEncoding = 4; includeInIndex = 0; lastKnownFileType = sourcecode.c.h; name = AFNetworking.h; path = "cordova-plugin-advanced-http/AFNetworking.h"; sourceTree = "<group>"; };
		39A56E4197424014914465D2 /* libbcg729.a */ = {isa = PBXFileReference; explicitFileType = undefined; fileEncoding = 9; includeInIndex = 0; lastKnownFileType = archive.ar; name = libbcg729.a; path = DatiMob/Plugins/cordova_voip_plugin/lib/libbcg729.a; sourceTree = "<group>"; };
		3BD5AA2385C24CE2A9740D1C /* libavcodec.a */ = {isa = PBXFileReference; explicitFileType = undefined; fileEncoding = 9; includeInIndex = 0; lastKnownFileType = archive.ar; name = libavcodec.a; path = DatiMob/Plugins/cordova_voip_plugin/lib/libavcodec.a; sourceTree = "<group>"; };
		3FABE4CD801248279367DB0C /* libopencore-amrwb.a */ = {isa = PBXFileReference; explicitFileType = undefined; fileEncoding = 9; includeInIndex = 0; lastKnownFileType = archive.ar; name = "libopencore-amrwb.a"; path = "DatiMob/Plugins/cordova_voip_plugin/lib/libopencore-amrwb.a"; sourceTree = "<group>"; };
		431FC5F7E786432AA9ACDC09 /* libmsbcg729.a */ = {isa = PBXFileReference; explicitFileType = undefined; fileEncoding = 9; includeInIndex = 0; lastKnownFileType = archive.ar; name = libmsbcg729.a; path = DatiMob/Plugins/cordova_voip_plugin/lib/mediastreamer/plugins/libmsbcg729.a; sourceTree = "<group>"; };
		43E30A48D97C4AA3A6AD7C0B /* libstdc++.6.0.9.tbd */ = {isa = PBXFileReference; explicitFileType = undefined; fileEncoding = 9; includeInIndex = 0; lastKnownFileType = "sourcecode.text-based-dylib-definition"; name = "libstdc++.6.0.9.tbd"; path = "usr/lib/libstdc++.6.0.9.tbd"; sourceTree = SDKROOT; };
		46A5DDB714F64C7DA60A0397 /* AFHTTPSessionManager.h */ = {isa = PBXFileReference; explicitFileType = undefined; fileEncoding = 4; includeInIndex = 0; lastKnownFileType = sourcecode.c.h; name = AFHTTPSessionManager.h; path = "cordova-plugin-advanced-http/AFHTTPSessionManager.h"; sourceTree = "<group>"; };
		46BE55CF45FC4397BA316CF0 /* Security.framework */ = {isa = PBXFileReference; explicitFileType = undefined; fileEncoding = 9; includeInIndex = 0; lastKnownFileType = wrapper.framework; name = Security.framework; path = System/Library/Frameworks/Security.framework; sourceTree = SDKROOT; };
		4AD9038A27FA4F48915F2EF6 /* CDVOrientation.h */ = {isa = PBXFileReference; explicitFileType = undefined; fileEncoding = 4; includeInIndex = 0; lastKnownFileType = sourcecode.c.h; name = CDVOrientation.h; path = "cordova-plugin-screen-orientation/CDVOrientation.h"; sourceTree = "<group>"; };
		4B02B67B91B44093B4C9CADD /* include */ = {isa = PBXFileReference; explicitFileType = undefined; fileEncoding = 9; includeInIndex = 0; lastKnownFileType = unknown; name = include; path = cordova_voip_plugin/include; sourceTree = "<group>"; };
		5319BF3AE7F44161BA9DDF22 /* AVFoundation.framework */ = {isa = PBXFileReference; explicitFileType = undefined; fileEncoding = 9; includeInIndex = 0; lastKnownFileType = wrapper.framework; name = AVFoundation.framework; path = System/Library/Frameworks/AVFoundation.framework; sourceTree = SDKROOT; };
		539514C7A1014E598EF2C7BB /* libopenh264.a */ = {isa = PBXFileReference; explicitFileType = undefined; fileEncoding = 9; includeInIndex = 0; lastKnownFileType = archive.ar; name = libopenh264.a; path = DatiMob/Plugins/cordova_voip_plugin/lib/libopenh264.a; sourceTree = "<group>"; };
		5859A635887C430B95336CAD /* libxml2.tbd */ = {isa = PBXFileReference; explicitFileType = undefined; fileEncoding = 9; includeInIndex = 0; lastKnownFileType = "sourcecode.text-based-dylib-definition"; name = libxml2.tbd; path = usr/lib/libxml2.tbd; sourceTree = SDKROOT; };
		5999FDB35B99474487E2012C /* libsrtp.a */ = {isa = PBXFileReference; explicitFileType = undefined; fileEncoding = 9; includeInIndex = 0; lastKnownFileType = archive.ar; name = libsrtp.a; path = DatiMob/Plugins/cordova_voip_plugin/lib/libsrtp.a; sourceTree = "<group>"; };
		5A6A59E7DD534A2E9572C4E8 /* Linphone.h */ = {isa = PBXFileReference; explicitFileType = undefined; fileEncoding = 4; includeInIndex = 0; lastKnownFileType = sourcecode.c.h; name = Linphone.h; path = cordova_voip_plugin/Linphone.h; sourceTree = "<group>"; };
		5BD1F47788064C989EB3E0F3 /* libmediastreamer_base.a */ = {isa = PBXFileReference; explicitFileType = undefined; fileEncoding = 9; includeInIndex = 0; lastKnownFileType = archive.ar; name = libmediastreamer_base.a; path = DatiMob/Plugins/cordova_voip_plugin/lib/libmediastreamer_base.a; sourceTree = "<group>"; };
		5E35C952248B485E9666B6CE /* libmswebrtc.a */ = {isa = PBXFileReference; explicitFileType = undefined; fileEncoding = 9; includeInIndex = 0; lastKnownFileType = archive.ar; name = libmswebrtc.a; path = DatiMob/Plugins/cordova_voip_plugin/lib/mediastreamer/plugins/libmswebrtc.a; sourceTree = "<group>"; };
		6197A4635F2445E1AD17A1FC /* libopencore-amrnb.a */ = {isa = PBXFileReference; explicitFileType = undefined; fileEncoding = 9; includeInIndex = 0; lastKnownFileType = archive.ar; name = "libopencore-amrnb.a"; path = "DatiMob/Plugins/cordova_voip_plugin/lib/libopencore-amrnb.a"; sourceTree = "<group>"; };
		6701523A8D814F7C9D875E54 /* libmssilk.a */ = {isa = PBXFileReference; explicitFileType = undefined; fileEncoding = 9; includeInIndex = 0; lastKnownFileType = archive.ar; name = libmssilk.a; path = DatiMob/Plugins/cordova_voip_plugin/lib/mediastreamer/plugins/libmssilk.a; sourceTree = "<group>"; };
		693F210102EE4E31855BF185 /* libavutil.a */ = {isa = PBXFileReference; explicitFileType = undefined; fileEncoding = 9; includeInIndex = 0; lastKnownFileType = archive.ar; name = libavutil.a; path = DatiMob/Plugins/cordova_voip_plugin/lib/libavutil.a; sourceTree = "<group>"; };
		6AFF5BF81D6E424B00AB3073 /* CDVLaunchScreen.storyboard */ = {isa = PBXFileReference; fileEncoding = 4; lastKnownFileType = file.storyboard; name = CDVLaunchScreen.storyboard; path = DatiMob/CDVLaunchScreen.storyboard; sourceTree = SOURCE_ROOT; };
		6C0D611B3F41488E91699E19 /* TextResponseSerializer.m */ = {isa = PBXFileReference; explicitFileType = undefined; fileEncoding = 4; includeInIndex = 0; lastKnownFileType = sourcecode.c.objc; name = TextResponseSerializer.m; path = "cordova-plugin-advanced-http/TextResponseSerializer.m"; sourceTree = "<group>"; };
		6E89C81D022C4090BEF38038 /* AFURLResponseSerialization.h */ = {isa = PBXFileReference; explicitFileType = undefined; fileEncoding = 4; includeInIndex = 0; lastKnownFileType = sourcecode.c.h; name = AFURLResponseSerialization.h; path = "cordova-plugin-advanced-http/AFURLResponseSerialization.h"; sourceTree = "<group>"; };
		6F79384F3CC841C29920F418 /* libortp.a */ = {isa = PBXFileReference; explicitFileType = undefined; fileEncoding = 9; includeInIndex = 0; lastKnownFileType = archive.ar; name = libortp.a; path = DatiMob/Plugins/cordova_voip_plugin/lib/libortp.a; sourceTree = "<group>"; };
		70282246E44A4AA696638673 /* libsqlite3.tbd */ = {isa = PBXFileReference; explicitFileType = undefined; fileEncoding = 9; includeInIndex = 0; lastKnownFileType = "sourcecode.text-based-dylib-definition"; name = libsqlite3.tbd; path = usr/lib/libsqlite3.tbd; sourceTree = SDKROOT; };
		78B5C06FD699487C9ECB952D /* libmediastreamer_voip.a */ = {isa = PBXFileReference; explicitFileType = undefined; fileEncoding = 9; includeInIndex = 0; lastKnownFileType = archive.ar; name = libmediastreamer_voip.a; path = DatiMob/Plugins/cordova_voip_plugin/lib/libmediastreamer_voip.a; sourceTree = "<group>"; };
		7C1941C344024D2492B3097C /* AFURLSessionManager.m */ = {isa = PBXFileReference; explicitFileType = undefined; fileEncoding = 4; includeInIndex = 0; lastKnownFileType = sourcecode.c.objc; name = AFURLSessionManager.m; path = "cordova-plugin-advanced-http/AFURLSessionManager.m"; sourceTree = "<group>"; };
		7DF01EE6203F444086965F87 /* libtunnel.a */ = {isa = PBXFileReference; explicitFileType = undefined; fileEncoding = 9; includeInIndex = 0; lastKnownFileType = archive.ar; name = libtunnel.a; path = DatiMob/Plugins/cordova_voip_plugin/lib/libtunnel.a; sourceTree = "<group>"; };
		7E3B731389694EB7942A5004 /* libmsopenh264.a */ = {isa = PBXFileReference; explicitFileType = undefined; fileEncoding = 9; includeInIndex = 0; lastKnownFileType = archive.ar; name = libmsopenh264.a; path = DatiMob/Plugins/cordova_voip_plugin/lib/mediastreamer/plugins/libmsopenh264.a; sourceTree = "<group>"; };
		800535D3FDDC4145A27E2C25 /* libc++abi.tbd */ = {isa = PBXFileReference; explicitFileType = undefined; fileEncoding = 9; includeInIndex = 0; lastKnownFileType = "sourcecode.text-based-dylib-definition"; name = "libc++abi.tbd"; path = "usr/lib/libc++abi.tbd"; sourceTree = SDKROOT; };
		8257F1675FBF4A29A8672AAE /* share */ = {isa = PBXFileReference; explicitFileType = undefined; fileEncoding = 9; includeInIndex = 0; lastKnownFileType = unknown; name = share; path = cordova_voip_plugin/share; sourceTree = "<group>"; };
		8850DE407C8E4BB2905D2C6A /* libspeex.a */ = {isa = PBXFileReference; explicitFileType = undefined; fileEncoding = 9; includeInIndex = 0; lastKnownFileType = archive.ar; name = libspeex.a; path = DatiMob/Plugins/cordova_voip_plugin/lib/libspeex.a; sourceTree = "<group>"; };
		8CD68F2EFC2341089335F3E8 /* libgsm.a */ = {isa = PBXFileReference; explicitFileType = undefined; fileEncoding = 9; includeInIndex = 0; lastKnownFileType = archive.ar; name = libgsm.a; path = DatiMob/Plugins/cordova_voip_plugin/lib/libgsm.a; sourceTree = "<group>"; };
		8D1107310486CEB800E47090 /* DatiMob-Info.plist */ = {isa = PBXFileReference; fileEncoding = 4; lastKnownFileType = text.plist.xml; name = "DatiMob-Info.plist"; path = "DatiMob/DatiMob-Info.plist"; plistStructureDefinitionIdentifier = "com.apple.xcode.plist.structure-definition.iphone.info-plist"; sourceTree = SOURCE_ROOT; };
		8E3A731662AB46E5BC0CF49D /* SystemConfiguration.framework */ = {isa = PBXFileReference; explicitFileType = undefined; fileEncoding = 9; includeInIndex = 0; lastKnownFileType = wrapper.framework; name = SystemConfiguration.framework; path = System/Library/Frameworks/SystemConfiguration.framework; sourceTree = SDKROOT; };
		95AFCEC4697B45B29EDAD2DD /* CDVFile.h */ = {isa = PBXFileReference; explicitFileType = undefined; fileEncoding = 4; includeInIndex = 0; lastKnownFileType = sourcecode.c.h; name = CDVFile.h; path = "cordova-plugin-file/CDVFile.h"; sourceTree = "<group>"; };
		9CD9AC30D5854192AEFFAA1D /* libspeexdsp.a */ = {isa = PBXFileReference; explicitFileType = undefined; fileEncoding = 9; includeInIndex = 0; lastKnownFileType = archive.ar; name = libspeexdsp.a; path = DatiMob/Plugins/cordova_voip_plugin/lib/libspeexdsp.a; sourceTree = "<group>"; };
		9D519FDB0F36484B88ECF091 /* CDVLocalFilesystem.m */ = {isa = PBXFileReference; explicitFileType = undefined; fileEncoding = 4; includeInIndex = 0; lastKnownFileType = sourcecode.c.objc; name = CDVLocalFilesystem.m; path = "cordova-plugin-file/CDVLocalFilesystem.m"; sourceTree = "<group>"; };
		9E7FCA33837B44F2B8356A51 /* CoreData.framework */ = {isa = PBXFileReference; explicitFileType = undefined; fileEncoding = 9; includeInIndex = 0; lastKnownFileType = wrapper.framework; name = CoreData.framework; path = System/Library/Frameworks/CoreData.framework; sourceTree = SDKROOT; };
		A25A7CA1D0224F64AF25491C /* WebSocketAdvanced.h */ = {isa = PBXFileReference; explicitFileType = undefined; fileEncoding = 4; includeInIndex = 0; lastKnownFileType = sourcecode.c.h; name = WebSocketAdvanced.h; path = "cordova-plugin-advanced-websocket/WebSocketAdvanced.h"; sourceTree = "<group>"; };
		A46733116ED74BDBBECF56F2 /* CoreMedia.framework */ = {isa = PBXFileReference; explicitFileType = undefined; fileEncoding = 9; includeInIndex = 0; lastKnownFileType = wrapper.framework; name = CoreMedia.framework; path = System/Library/Frameworks/CoreMedia.framework; sourceTree = SDKROOT; };
		AB5F633120EC43A88AF79D93 /* libpolarssl.a */ = {isa = PBXFileReference; explicitFileType = undefined; fileEncoding = 9; includeInIndex = 0; lastKnownFileType = archive.ar; name = libpolarssl.a; path = DatiMob/Plugins/cordova_voip_plugin/lib/libpolarssl.a; sourceTree = "<group>"; };
		B24E062C99844C1A9CFE5739 /* libbzrtp.a */ = {isa = PBXFileReference; explicitFileType = undefined; fileEncoding = 9; includeInIndex = 0; lastKnownFileType = archive.ar; name = libbzrtp.a; path = DatiMob/Plugins/cordova_voip_plugin/lib/libbzrtp.a; sourceTree = "<group>"; };
		B2BC6579D38444E4BB533643 /* AFURLRequestSerialization.m */ = {isa = PBXFileReference; explicitFileType = undefined; fileEncoding = 4; includeInIndex = 0; lastKnownFileType = sourcecode.c.objc; name = AFURLRequestSerialization.m; path = "cordova-plugin-advanced-http/AFURLRequestSerialization.m"; sourceTree = "<group>"; };
		B44EBAA77C494CBF967D05DF /* AFNetworkReachabilityManager.m */ = {isa = PBXFileReference; explicitFileType = undefined; fileEncoding = 4; includeInIndex = 0; lastKnownFileType = sourcecode.c.objc; name = AFNetworkReachabilityManager.m; path = "cordova-plugin-advanced-http/AFNetworkReachabilityManager.m"; sourceTree = "<group>"; };
		BF49B682976A406CAC6E5D69 /* CordovaWebsocketPlugin.h */ = {isa = PBXFileReference; explicitFileType = undefined; fileEncoding = 4; includeInIndex = 0; lastKnownFileType = sourcecode.c.h; name = CordovaWebsocketPlugin.h; path = "cordova-plugin-advanced-websocket/CordovaWebsocketPlugin.h"; sourceTree = "<group>"; };
		BF85BB9B4BBC40CFB69BC765 /* libresolv.tbd */ = {isa = PBXFileReference; explicitFileType = undefined; fileEncoding = 9; includeInIndex = 0; lastKnownFileType = "sourcecode.text-based-dylib-definition"; name = libresolv.tbd; path = usr/lib/libresolv.tbd; sourceTree = SDKROOT; };
		C0E8E2F62C3248999E6CE541 /* libebml2.a */ = {isa = PBXFileReference; explicitFileType = undefined; fileEncoding = 9; includeInIndex = 0; lastKnownFileType = archive.ar; name = libebml2.a; path = DatiMob/Plugins/cordova_voip_plugin/lib/libebml2.a; sourceTree = "<group>"; };
		C3F234BFBE5D4A6AA277088A /* libvpx.a */ = {isa = PBXFileReference; explicitFileType = undefined; fileEncoding = 9; includeInIndex = 0; lastKnownFileType = archive.ar; name = libvpx.a; path = DatiMob/Plugins/cordova_voip_plugin/lib/libvpx.a; sourceTree = "<group>"; };
		CEFEB79A0FFA409DB2F1037B /* AFURLRequestSerialization.h */ = {isa = PBXFileReference; explicitFileType = undefined; fileEncoding = 4; includeInIndex = 0; lastKnownFileType = sourcecode.c.h; name = AFURLRequestSerialization.h; path = "cordova-plugin-advanced-http/AFURLRequestSerialization.h"; sourceTree = "<group>"; };
		E0317CB81109479193F603ED /* AFHTTPSessionManager.m */ = {isa = PBXFileReference; explicitFileType = undefined; fileEncoding = 4; includeInIndex = 0; lastKnownFileType = sourcecode.c.objc; name = AFHTTPSessionManager.m; path = "cordova-plugin-advanced-http/AFHTTPSessionManager.m"; sourceTree = "<group>"; };
		E8579C0A5E504D1880F5B471 /* libz.tbd */ = {isa = PBXFileReference; explicitFileType = undefined; fileEncoding = 9; includeInIndex = 0; lastKnownFileType = "sourcecode.text-based-dylib-definition"; name = libz.tbd; path = usr/lib/libz.tbd; sourceTree = SDKROOT; };
		E9E7A8A535D343A2A1BAC8A5 /* AFURLResponseSerialization.m */ = {isa = PBXFileReference; explicitFileType = undefined; fileEncoding = 4; includeInIndex = 0; lastKnownFileType = sourcecode.c.objc; name = AFURLResponseSerialization.m; path = "cordova-plugin-advanced-http/AFURLResponseSerialization.m"; sourceTree = "<group>"; };
		EA7D15D9EC9045088AEAD035 /* libopus.a */ = {isa = PBXFileReference; explicitFileType = undefined; fileEncoding = 9; includeInIndex = 0; lastKnownFileType = archive.ar; name = libopus.a; path = DatiMob/Plugins/cordova_voip_plugin/lib/libopus.a; sourceTree = "<group>"; };
		EB2F075E86AC4B6AA721980C /* CoreAudio.framework */ = {isa = PBXFileReference; explicitFileType = undefined; fileEncoding = 9; includeInIndex = 0; lastKnownFileType = wrapper.framework; name = CoreAudio.framework; path = System/Library/Frameworks/CoreAudio.framework; sourceTree = SDKROOT; };
		EB87FDF31871DA8E0020F90C /* www */ = {isa = PBXFileReference; lastKnownFileType = folder; name = www; path = ../../www; sourceTree = "<group>"; };
		EB87FDF41871DAF40020F90C /* config.xml */ = {isa = PBXFileReference; lastKnownFileType = text.xml; name = config.xml; path = ../../config.xml; sourceTree = "<group>"; };
		EBBCBFD71B4D4F2AB871A340 /* libstdc++.6.tbd */ = {isa = PBXFileReference; explicitFileType = undefined; fileEncoding = 9; includeInIndex = 0; lastKnownFileType = "sourcecode.text-based-dylib-definition"; name = "libstdc++.6.tbd"; path = "usr/lib/libstdc++.6.tbd"; sourceTree = SDKROOT; };
		EC5E26E169D44CD9AB57D863 /* CoreFoundation.framework */ = {isa = PBXFileReference; explicitFileType = undefined; fileEncoding = 9; includeInIndex = 0; lastKnownFileType = wrapper.framework; name = CoreFoundation.framework; path = System/Library/Frameworks/CoreFoundation.framework; sourceTree = SDKROOT; };
		EC74A91F5419415D846F79D1 /* liblinphonetester.a */ = {isa = PBXFileReference; explicitFileType = undefined; fileEncoding = 9; includeInIndex = 0; lastKnownFileType = archive.ar; name = liblinphonetester.a; path = DatiMob/Plugins/cordova_voip_plugin/lib/liblinphonetester.a; sourceTree = "<group>"; };
		ED33DF2A687741AEAF9F8254 /* Bridging-Header.h */ = {isa = PBXFileReference; fileEncoding = 4; lastKnownFileType = sourcecode.c.h; path = "Bridging-Header.h"; sourceTree = "<group>"; };
		F060AAD71D9B4266ABA369B3 /* libswscale.a */ = {isa = PBXFileReference; explicitFileType = undefined; fileEncoding = 9; includeInIndex = 0; lastKnownFileType = archive.ar; name = libswscale.a; path = DatiMob/Plugins/cordova_voip_plugin/lib/libswscale.a; sourceTree = "<group>"; };
		F136463483004BE0B8EB3B4D /* libstdc++.tbd */ = {isa = PBXFileReference; explicitFileType = undefined; fileEncoding = 9; includeInIndex = 0; lastKnownFileType = "sourcecode.text-based-dylib-definition"; name = "libstdc++.tbd"; path = "usr/lib/libstdc++.tbd"; sourceTree = SDKROOT; };
		F1F2B37203944372A5E402DC /* libcunit.a */ = {isa = PBXFileReference; explicitFileType = undefined; fileEncoding = 9; includeInIndex = 0; lastKnownFileType = archive.ar; name = libcunit.a; path = DatiMob/Plugins/cordova_voip_plugin/lib/libcunit.a; sourceTree = "<group>"; };
		F21D2D8305334980859FD601 /* AudioToolbox.framework */ = {isa = PBXFileReference; explicitFileType = undefined; fileEncoding = 9; includeInIndex = 0; lastKnownFileType = wrapper.framework; name = AudioToolbox.framework; path = System/Library/Frameworks/AudioToolbox.framework; sourceTree = SDKROOT; };
		F70B62475AF3468995A983D4 /* libmsamr.a */ = {isa = PBXFileReference; explicitFileType = undefined; fileEncoding = 9; includeInIndex = 0; lastKnownFileType = archive.ar; name = libmsamr.a; path = DatiMob/Plugins/cordova_voip_plugin/lib/mediastreamer/plugins/libmsamr.a; sourceTree = "<group>"; };
		F840E1F0165FE0F500CFE078 /* config.xml */ = {isa = PBXFileReference; lastKnownFileType = text.xml; name = config.xml; path = DatiMob/config.xml; sourceTree = "<group>"; };
		F89860D5B3FF4211BCECCC39 /* CDVFile.m */ = {isa = PBXFileReference; explicitFileType = undefined; fileEncoding = 4; includeInIndex = 0; lastKnownFileType = sourcecode.c.objc; name = CDVFile.m; path = "cordova-plugin-file/CDVFile.m"; sourceTree = "<group>"; };
		FB1F1BBBF5734BFFB7007233 /* libmsx264.a */ = {isa = PBXFileReference; explicitFileType = undefined; fileEncoding = 9; includeInIndex = 0; lastKnownFileType = archive.ar; name = libmsx264.a; path = DatiMob/Plugins/cordova_voip_plugin/lib/mediastreamer/plugins/libmsx264.a; sourceTree = "<group>"; };
		FE936A4DA935491B80D8B144 /* libvo-amrwbenc.a */ = {isa = PBXFileReference; explicitFileType = undefined; fileEncoding = 9; includeInIndex = 0; lastKnownFileType = archive.ar; name = "libvo-amrwbenc.a"; path = "DatiMob/Plugins/cordova_voip_plugin/lib/libvo-amrwbenc.a"; sourceTree = "<group>"; };
		FFCB9698C6674428BF2B92AD /* CDVLocalFilesystem.h */ = {isa = PBXFileReference; explicitFileType = undefined; fileEncoding = 4; includeInIndex = 0; lastKnownFileType = sourcecode.c.h; name = CDVLocalFilesystem.h; path = "cordova-plugin-file/CDVLocalFilesystem.h"; sourceTree = "<group>"; };
/* End PBXFileReference section */

/* Begin PBXFrameworksBuildPhase section */
		1D60588F0D05DD3D006BFB54 /* Frameworks */ = {
			isa = PBXFrameworksBuildPhase;
			buildActionMask = 2147483647;
			files = (
				301BF552109A68D80062928A /* libCordova.a in Frameworks */,
				47987DC323E34704934AF6B2 /* Security.framework in Frameworks */,
				14133DFB9D234A4AA079864F /* SystemConfiguration.framework in Frameworks */,
				29D3D056FAFF43DC9170C610 /* libmsamr.a in Frameworks */,
				C292FA0B9176422DBCF6C45A /* libmsbcg729.a in Frameworks */,
				CC14BCE7CA624E18AE112613 /* libmsopenh264.a in Frameworks */,
				72D825A96F40417DA3CE1B3A /* libmssilk.a in Frameworks */,
				F0378F730EF349EF89270146 /* libmswebrtc.a in Frameworks */,
				12EB56FD015B4C1B9E3874E1 /* libmsx264.a in Frameworks */,
				4ACB0DC5F0CD4445906F8908 /* libantlr3c.a in Frameworks */,
				3EE61D4AAC07453BAFBABA86 /* libavcodec.a in Frameworks */,
				1C53039F86EB4E04919E62FD /* libavutil.a in Frameworks */,
				486BBC4115F245A39157425B /* libbcg729.a in Frameworks */,
				0915DFB64E824A3E85C8AC72 /* libbctoolbox.a in Frameworks */,
				520DE40D3C824B2E86EC44A2 /* libbellesip.a in Frameworks */,
				DB9220448A644800B1CB2272 /* libbzrtp.a in Frameworks */,
				D56E9A49E0A34ACD90F306A6 /* libcorec.a in Frameworks */,
				FA0C6D0A834E48F9B7B4A69E /* libcunit.a in Frameworks */,
				7A2D864BEF744725823FF0A7 /* libebml2.a in Frameworks */,
				CBBD0ED35D6249A3B5A96A85 /* libgsm.a in Frameworks */,
				0DA5B8D8B5B04EF39835E90E /* liblinphone.a in Frameworks */,
				47DE3A080610406A80B75778 /* liblinphonetester.a in Frameworks */,
				250233CBD81F4EAB857DFD05 /* libmatroska2.a in Frameworks */,
				7D1DC638597F495D99C930B0 /* libmediastreamer_base.a in Frameworks */,
				9FC11A161D7E498AAC47CA3D /* libmediastreamer_voip.a in Frameworks */,
				BB451D457607472D854C4950 /* libopencore-amrnb.a in Frameworks */,
				7E37C0DE8A1747018A5FFD5D /* libopencore-amrwb.a in Frameworks */,
				25ABDF9362924A27B7B394F7 /* libopenh264.a in Frameworks */,
				07326E84E68B4145AB1AA463 /* libopus.a in Frameworks */,
				22D928342E7946A786B93042 /* libortp.a in Frameworks */,
				BD33E96AF4114F259580F6FE /* libpolarssl.a in Frameworks */,
				9712B3763D194BAEA9A348E5 /* libspeex.a in Frameworks */,
				B610813CF65F463FB1CBF21F /* libspeexdsp.a in Frameworks */,
				45C2E5CFEB504B50A52A89CD /* libsrtp.a in Frameworks */,
				4508B4288853479CA4F1F494 /* libswresample.a in Frameworks */,
				D290FF198B2A4F05B6D2FECA /* libswscale.a in Frameworks */,
				8198EA3D885F4B10BA3C0A60 /* libtunnel.a in Frameworks */,
				9FF63AC31E4547F9822ADA17 /* libvo-amrwbenc.a in Frameworks */,
				04B8A3D2F41045A18CC1CC4F /* libvpx.a in Frameworks */,
				BEB0E3BE2A7841DFB9D51622 /* libx264.a in Frameworks */,
				D50FB3EF8C5F4C5C9A2CCFBA /* AVFoundation.framework in Frameworks */,
				A51EFDDFAE404FAE9B44360A /* AudioToolbox.framework in Frameworks */,
				6D973D9C693D4A56AFF827C9 /* CoreFoundation.framework in Frameworks */,
				A04CA011154C435DB711D61D /* CoreMedia.framework in Frameworks */,
				E159831BFACE460A952CE337 /* CoreData.framework in Frameworks */,
				E0BD56C41FFF4EEFBFA62190 /* CoreAudio.framework in Frameworks */,
				B191692DB8EF4C6CB465563A /* libz.tbd in Frameworks */,
				8361CBB312C843D6856BEC5F /* libsqlite3.tbd in Frameworks */,
				6FD43AFB5C0843AA888A9746 /* libresolv.tbd in Frameworks */,
				7AD7EAED24404B0095D8DA9C /* libxml2.tbd in Frameworks */,
				9057EB1BDC7041389DE393BD /* libstdc++.6.0.9.tbd in Frameworks */,
				16604A778BA94EB8BF38D12E /* libstdc++.6.tbd in Frameworks */,
				BF951E097A2F4AA0A6AC1FAF /* libstdc++.tbd in Frameworks */,
				2AD4C763CC6048C596352071 /* libc++abi.tbd in Frameworks */,
			);
			runOnlyForDeploymentPostprocessing = 0;
		};
/* End PBXFrameworksBuildPhase section */

/* Begin PBXGroup section */
		080E96DDFE201D6D7F000001 /* Classes */ = {
			isa = PBXGroup;
			children = (
				302D95EE14D2391D003F00A1 /* MainViewController.h */,
				302D95EF14D2391D003F00A1 /* MainViewController.m */,
				302D95F014D2391D003F00A1 /* MainViewController.xib */,
				1D3623240D0F684500981E51 /* AppDelegate.h */,
				1D3623250D0F684500981E51 /* AppDelegate.m */,
			);
			name = Classes;
			path = DatiMob/Classes;
			sourceTree = SOURCE_ROOT;
		};
		19C28FACFE9D520D11CA2CBB /* Products */ = {
			isa = PBXGroup;
			children = (
				1D6058910D05DD3D006BFB54 /* DatiMob.app */,
			);
			name = Products;
			sourceTree = "<group>";
		};
		29B97314FDCFA39411CA2CEA /* CustomTemplate */ = {
			isa = PBXGroup;
			children = (
				EB87FDF41871DAF40020F90C /* config.xml */,
				EB87FDF31871DA8E0020F90C /* www */,
				EB87FDF11871DA420020F90C /* Staging */,
				301BF52D109A57CC0062928A /* CordovaLib/CordovaLib.xcodeproj */,
				080E96DDFE201D6D7F000001 /* Classes */,
				307C750510C5A3420062BCA9 /* Plugins */,
				29B97315FDCFA39411CA2CEA /* Other Sources */,
				29B97317FDCFA39411CA2CEA /* Resources */,
				29B97323FDCFA39411CA2CEA /* Frameworks */,
				19C28FACFE9D520D11CA2CBB /* Products */,
			);
			name = CustomTemplate;
			sourceTree = "<group>";
		};
		29B97315FDCFA39411CA2CEA /* Other Sources */ = {
			isa = PBXGroup;
			children = (
				32CA4F630368D1EE00C91783 /* DatiMob-Prefix.pch */,
				29B97316FDCFA39411CA2CEA /* main.m */,
				ED33DF2A687741AEAF9F8254 /* Bridging-Header.h */,
			);
			name = "Other Sources";
			path = DatiMob;
			sourceTree = "<group>";
		};
		29B97317FDCFA39411CA2CEA /* Resources */ = {
			isa = PBXGroup;
			children = (
				0207DA571B56EA530066E2B4 /* Images.xcassets */,
				3047A50E1AB8057F00498E2A /* config */,
				8D1107310486CEB800E47090 /* DatiMob-Info.plist */,
				6AFF5BF81D6E424B00AB3073 /* CDVLaunchScreen.storyboard */,
			);
			name = Resources;
			path = DatiMob/Resources;
			sourceTree = "<group>";
		};
		29B97323FDCFA39411CA2CEA /* Frameworks */ = {
			isa = PBXGroup;
			children = (
				46BE55CF45FC4397BA316CF0 /* Security.framework */,
				8E3A731662AB46E5BC0CF49D /* SystemConfiguration.framework */,
				F70B62475AF3468995A983D4 /* libmsamr.a */,
				431FC5F7E786432AA9ACDC09 /* libmsbcg729.a */,
				7E3B731389694EB7942A5004 /* libmsopenh264.a */,
				6701523A8D814F7C9D875E54 /* libmssilk.a */,
				5E35C952248B485E9666B6CE /* libmswebrtc.a */,
				FB1F1BBBF5734BFFB7007233 /* libmsx264.a */,
				1E13C2B05CEB4421A8948E37 /* libantlr3c.a */,
				3BD5AA2385C24CE2A9740D1C /* libavcodec.a */,
				693F210102EE4E31855BF185 /* libavutil.a */,
				39A56E4197424014914465D2 /* libbcg729.a */,
				1CC3AAFC0F1749C48FF3C2C3 /* libbctoolbox.a */,
				1BF675B898B14914A9370881 /* libbellesip.a */,
				B24E062C99844C1A9CFE5739 /* libbzrtp.a */,
				1E0A1C0A0F754CD1AC744902 /* libcorec.a */,
				F1F2B37203944372A5E402DC /* libcunit.a */,
				C0E8E2F62C3248999E6CE541 /* libebml2.a */,
				8CD68F2EFC2341089335F3E8 /* libgsm.a */,
				1208F4307BA74176BDAB9261 /* liblinphone.a */,
				EC74A91F5419415D846F79D1 /* liblinphonetester.a */,
				26CCEE380AEA47D6820C9B40 /* libmatroska2.a */,
				5BD1F47788064C989EB3E0F3 /* libmediastreamer_base.a */,
				78B5C06FD699487C9ECB952D /* libmediastreamer_voip.a */,
				6197A4635F2445E1AD17A1FC /* libopencore-amrnb.a */,
				3FABE4CD801248279367DB0C /* libopencore-amrwb.a */,
				539514C7A1014E598EF2C7BB /* libopenh264.a */,
				EA7D15D9EC9045088AEAD035 /* libopus.a */,
				6F79384F3CC841C29920F418 /* libortp.a */,
				AB5F633120EC43A88AF79D93 /* libpolarssl.a */,
				8850DE407C8E4BB2905D2C6A /* libspeex.a */,
				9CD9AC30D5854192AEFFAA1D /* libspeexdsp.a */,
				5999FDB35B99474487E2012C /* libsrtp.a */,
				0C4E00501D9949FB961E3E34 /* libswresample.a */,
				F060AAD71D9B4266ABA369B3 /* libswscale.a */,
				7DF01EE6203F444086965F87 /* libtunnel.a */,
				FE936A4DA935491B80D8B144 /* libvo-amrwbenc.a */,
				C3F234BFBE5D4A6AA277088A /* libvpx.a */,
				1F1AAA2F05294E5ABE03681A /* libx264.a */,
				5319BF3AE7F44161BA9DDF22 /* AVFoundation.framework */,
				F21D2D8305334980859FD601 /* AudioToolbox.framework */,
				EC5E26E169D44CD9AB57D863 /* CoreFoundation.framework */,
				A46733116ED74BDBBECF56F2 /* CoreMedia.framework */,
				9E7FCA33837B44F2B8356A51 /* CoreData.framework */,
				EB2F075E86AC4B6AA721980C /* CoreAudio.framework */,
				E8579C0A5E504D1880F5B471 /* libz.tbd */,
				70282246E44A4AA696638673 /* libsqlite3.tbd */,
				BF85BB9B4BBC40CFB69BC765 /* libresolv.tbd */,
				5859A635887C430B95336CAD /* libxml2.tbd */,
				43E30A48D97C4AA3A6AD7C0B /* libstdc++.6.0.9.tbd */,
				EBBCBFD71B4D4F2AB871A340 /* libstdc++.6.tbd */,
				F136463483004BE0B8EB3B4D /* libstdc++.tbd */,
				800535D3FDDC4145A27E2C25 /* libc++abi.tbd */,
			);
			name = Frameworks;
			sourceTree = "<group>";
		};
		301BF52E109A57CC0062928A /* Products */ = {
			isa = PBXGroup;
			children = (
				301BF535109A57CC0062928A /* libCordova.a */,
				907D8124214C687600058A10 /* Cordova.framework */,
			);
			name = Products;
			sourceTree = "<group>";
		};
		3047A50E1AB8057F00498E2A /* config */ = {
			isa = PBXGroup;
			children = (
				3047A50F1AB8059700498E2A /* build-debug.xcconfig */,
				3047A5101AB8059700498E2A /* build-release.xcconfig */,
				3047A5111AB8059700498E2A /* build.xcconfig */,
			);
			name = config;
			sourceTree = "<group>";
		};
		307C750510C5A3420062BCA9 /* Plugins */ = {
			isa = PBXGroup;
			children = (
				F89860D5B3FF4211BCECCC39 /* CDVFile.m */,
				9D519FDB0F36484B88ECF091 /* CDVLocalFilesystem.m */,
				06AF81E5FDC743548D64E239 /* CDVAssetLibraryFilesystem.m */,
				95AFCEC4697B45B29EDAD2DD /* CDVFile.h */,
				FFCB9698C6674428BF2B92AD /* CDVLocalFilesystem.h */,
				3606569BD7264509B1BB6EF4 /* CDVAssetLibraryFilesystem.h */,
				252714907F14474DADAF4C94 /* CordovaHttpPlugin.m */,
				6C0D611B3F41488E91699E19 /* TextResponseSerializer.m */,
				E0317CB81109479193F603ED /* AFHTTPSessionManager.m */,
				B44EBAA77C494CBF967D05DF /* AFNetworkReachabilityManager.m */,
				0899C73F204D41D2A2E91C32 /* AFSecurityPolicy.m */,
				B2BC6579D38444E4BB533643 /* AFURLRequestSerialization.m */,
				E9E7A8A535D343A2A1BAC8A5 /* AFURLResponseSerialization.m */,
				7C1941C344024D2492B3097C /* AFURLSessionManager.m */,
				1B0E22D62F294982A1B36351 /* CordovaHttpPlugin.h */,
				1F9AAFD896FA4C738B21188C /* TextResponseSerializer.h */,
				46A5DDB714F64C7DA60A0397 /* AFHTTPSessionManager.h */,
				3663749364474CA682FB335A /* AFNetworking.h */,
				0DCBC75F1F17497C875303A0 /* AFNetworkReachabilityManager.h */,
				26118509768843AC9C56EA75 /* AFSecurityPolicy.h */,
				CEFEB79A0FFA409DB2F1037B /* AFURLRequestSerialization.h */,
				6E89C81D022C4090BEF38038 /* AFURLResponseSerialization.h */,
				278C427B4C3946DF9A40956A /* AFURLSessionManager.h */,
				34FCF041BB1549FE956C9C60 /* WebSocketAdvanced.m */,
				2C3A9AB58C124BBFBA7B004E /* CordovaWebsocketPlugin.m */,
				A25A7CA1D0224F64AF25491C /* WebSocketAdvanced.h */,
				BF49B682976A406CAC6E5D69 /* CordovaWebsocketPlugin.h */,
				20B77A5633714EF68F11FAB7 /* CDVOrientation.m */,
				4AD9038A27FA4F48915F2EF6 /* CDVOrientation.h */,
				22E7E5B16BDF4C87AF95C897 /* Linphone.m */,
				8257F1675FBF4A29A8672AAE /* share */,
				5A6A59E7DD534A2E9572C4E8 /* Linphone.h */,
				4B02B67B91B44093B4C9CADD /* include */,
			);
			name = Plugins;
			path = DatiMob/Plugins;
			sourceTree = SOURCE_ROOT;
		};
		EB87FDF11871DA420020F90C /* Staging */ = {
			isa = PBXGroup;
			children = (
				F840E1F0165FE0F500CFE078 /* config.xml */,
				301BF56E109A69640062928A /* www */,
			);
			name = Staging;
			sourceTree = "<group>";
		};
/* End PBXGroup section */

/* Begin PBXNativeTarget section */
		1D6058900D05DD3D006BFB54 /* DatiMob */ = {
			isa = PBXNativeTarget;
			buildConfigurationList = 1D6058960D05DD3E006BFB54 /* Build configuration list for PBXNativeTarget "DatiMob" */;
			buildPhases = (
				304B58A110DAC018002A0835 /* Copy www directory */,
				1D60588D0D05DD3D006BFB54 /* Resources */,
				1D60588E0D05DD3D006BFB54 /* Sources */,
				1D60588F0D05DD3D006BFB54 /* Frameworks */,
			);
			buildRules = (
			);
			dependencies = (
				301BF551109A68C00062928A /* PBXTargetDependency */,
			);
			name = DatiMob;
			productName = DatiMob;
			productReference = 1D6058910D05DD3D006BFB54 /* DatiMob.app */;
			productType = "com.apple.product-type.application";
		};
/* End PBXNativeTarget section */

/* Begin PBXProject section */
		29B97313FDCFA39411CA2CEA /* Project object */ = {
			isa = PBXProject;
			attributes = {
				LastUpgradeCheck = 510;
				TargetAttributes = {
					1D6058900D05DD3D006BFB54 = {
						DevelopmentTeam = 4X26AQW5Y2;
					};
				};
			};
			buildConfigurationList = C01FCF4E08A954540054247B /* Build configuration list for PBXProject "DatiMob" */;
			compatibilityVersion = "Xcode 3.2";
			developmentRegion = English;
			hasScannedForEncodings = 1;
			knownRegions = (
				English,
				en,
				Base,
			);
			mainGroup = 29B97314FDCFA39411CA2CEA /* CustomTemplate */;
			projectDirPath = "";
			projectReferences = (
				{
					ProductGroup = 301BF52E109A57CC0062928A /* Products */;
					ProjectRef = 301BF52D109A57CC0062928A /* CordovaLib/CordovaLib.xcodeproj */;
				},
			);
			projectRoot = "";
			targets = (
				1D6058900D05DD3D006BFB54 /* DatiMob */,
			);
		};
/* End PBXProject section */

/* Begin PBXReferenceProxy section */
		301BF535109A57CC0062928A /* libCordova.a */ = {
			isa = PBXReferenceProxy;
			fileType = archive.ar;
			path = libCordova.a;
			remoteRef = 301BF534109A57CC0062928A /* PBXContainerItemProxy */;
			sourceTree = BUILT_PRODUCTS_DIR;
		};
		907D8124214C687600058A10 /* Cordova.framework */ = {
			isa = PBXReferenceProxy;
			fileType = wrapper.framework;
			path = Cordova.framework;
			remoteRef = 907D8123214C687600058A10 /* PBXContainerItemProxy */;
			sourceTree = BUILT_PRODUCTS_DIR;
		};
/* End PBXReferenceProxy section */

/* Begin PBXResourcesBuildPhase section */
		1D60588D0D05DD3D006BFB54 /* Resources */ = {
			isa = PBXResourcesBuildPhase;
			buildActionMask = 2147483647;
			files = (
				302D95F214D2391D003F00A1 /* MainViewController.xib in Resources */,
				0207DA581B56EA530066E2B4 /* Images.xcassets in Resources */,
				6AFF5BF91D6E424B00AB3073 /* CDVLaunchScreen.storyboard in Resources */,
			);
			runOnlyForDeploymentPostprocessing = 0;
		};
/* End PBXResourcesBuildPhase section */

/* Begin PBXShellScriptBuildPhase section */
		304B58A110DAC018002A0835 /* Copy www directory */ = {
			isa = PBXShellScriptBuildPhase;
			buildActionMask = 2147483647;
			files = (
			);
			inputPaths = (
			);
			name = "Copy www directory";
			outputPaths = (
			);
			runOnlyForDeploymentPostprocessing = 0;
			shellPath = /bin/sh;
			shellScript = "\"$SRCROOT/DatiMob/Scripts/copy-www-build-step.sh\"";
			showEnvVarsInLog = 0;
		};
/* End PBXShellScriptBuildPhase section */

/* Begin PBXSourcesBuildPhase section */
		1D60588E0D05DD3D006BFB54 /* Sources */ = {
			isa = PBXSourcesBuildPhase;
			buildActionMask = 2147483647;
			files = (
				1D60589B0D05DD56006BFB54 /* main.m in Sources */,
				1D3623260D0F684500981E51 /* AppDelegate.m in Sources */,
				302D95F114D2391D003F00A1 /* MainViewController.m in Sources */,
				DC8F12B4969E4B9CA53A2805 /* CDVFile.m in Sources */,
				2C5BA3B52940492888650DEE /* CDVLocalFilesystem.m in Sources */,
				74DAC035512541719D69935F /* CDVAssetLibraryFilesystem.m in Sources */,
				BF4C3422976D49408E41BB8F /* CordovaHttpPlugin.m in Sources */,
				7B5DA04E3C8E4E39906E9B5A /* TextResponseSerializer.m in Sources */,
				1477BC5915674BBE9C85DD92 /* AFHTTPSessionManager.m in Sources */,
				7DAFB058036E404C85DEC942 /* AFNetworkReachabilityManager.m in Sources */,
				AD214C50CAE442D985FE67D7 /* AFSecurityPolicy.m in Sources */,
				92EEF7D43952474B8281F24F /* AFURLRequestSerialization.m in Sources */,
				B9760885BBF74EDDA9704656 /* AFURLResponseSerialization.m in Sources */,
				35116A1844694455B0628AD6 /* AFURLSessionManager.m in Sources */,
				E8E954E472704F06B006D57A /* WebSocketAdvanced.m in Sources */,
				248073F6DF1A4545AFC8A438 /* CordovaWebsocketPlugin.m in Sources */,
				E6B4F0AD3EB148A7BED45E47 /* CDVOrientation.m in Sources */,
				EE80993A3BCC47B48E29B200 /* Linphone.m in Sources */,
				D39DEF6ED8D44E97A0C6E68F /* share in Sources */,
			);
			runOnlyForDeploymentPostprocessing = 0;
		};
/* End PBXSourcesBuildPhase section */

/* Begin PBXTargetDependency section */
		301BF551109A68C00062928A /* PBXTargetDependency */ = {
			isa = PBXTargetDependency;
			name = CordovaLib;
			targetProxy = 301BF550109A68C00062928A /* PBXContainerItemProxy */;
		};
/* End PBXTargetDependency section */

/* Begin XCBuildConfiguration section */
		1D6058940D05DD3E006BFB54 /* Debug */ = {
			isa = XCBuildConfiguration;
			baseConfigurationReference = 3047A50F1AB8059700498E2A /* build-debug.xcconfig */;
			buildSettings = {
				ALWAYS_SEARCH_USER_PATHS = NO;
				ASSETCATALOG_COMPILER_APPICON_NAME = AppIcon;
				ASSETCATALOG_COMPILER_LAUNCHIMAGE_NAME = LaunchImage;
				CLANG_ENABLE_MODULES = YES;
				CLANG_ENABLE_OBJC_ARC = YES;
				COPY_PHASE_STRIP = NO;
				DEVELOPMENT_TEAM = 4X26AQW5Y2;
				GCC_DYNAMIC_NO_PIC = NO;
				GCC_OPTIMIZATION_LEVEL = 0;
				GCC_PRECOMPILE_PREFIX_HEADER = YES;
				GCC_PREFIX_HEADER = "DatiMob/DatiMob-Prefix.pch";
				GCC_THUMB_SUPPORT = NO;
				GCC_VERSION = "";
				INFOPLIST_FILE = "DatiMob/DatiMob-Info.plist";
				IPHONEOS_DEPLOYMENT_TARGET = 10.0;
				LD_RUNPATH_SEARCH_PATHS = "@executable_path/Frameworks";
				LIBRARY_SEARCH_PATHS = (
					"$(inherited)",
					"\"$(SRCROOT)/$(TARGET_NAME)/Plugins/cordova_voip_plugin/lib/mediastreamer/plugins\"",
					"\"$(SRCROOT)/$(TARGET_NAME)/Plugins/cordova_voip_plugin/lib/mediastreamer/plugins\"",
					"\"$(SRCROOT)/$(TARGET_NAME)/Plugins/cordova_voip_plugin/lib/mediastreamer/plugins\"",
					"\"$(SRCROOT)/$(TARGET_NAME)/Plugins/cordova_voip_plugin/lib/mediastreamer/plugins\"",
					"\"$(SRCROOT)/$(TARGET_NAME)/Plugins/cordova_voip_plugin/lib/mediastreamer/plugins\"",
					"\"$(SRCROOT)/$(TARGET_NAME)/Plugins/cordova_voip_plugin/lib/mediastreamer/plugins\"",
					"\"$(SRCROOT)/$(TARGET_NAME)/Plugins/cordova_voip_plugin/lib\"",
					"\"$(SRCROOT)/$(TARGET_NAME)/Plugins/cordova_voip_plugin/lib\"",
					"\"$(SRCROOT)/$(TARGET_NAME)/Plugins/cordova_voip_plugin/lib\"",
					"\"$(SRCROOT)/$(TARGET_NAME)/Plugins/cordova_voip_plugin/lib\"",
					"\"$(SRCROOT)/$(TARGET_NAME)/Plugins/cordova_voip_plugin/lib\"",
					"\"$(SRCROOT)/$(TARGET_NAME)/Plugins/cordova_voip_plugin/lib\"",
					"\"$(SRCROOT)/$(TARGET_NAME)/Plugins/cordova_voip_plugin/lib\"",
					"\"$(SRCROOT)/$(TARGET_NAME)/Plugins/cordova_voip_plugin/lib\"",
					"\"$(SRCROOT)/$(TARGET_NAME)/Plugins/cordova_voip_plugin/lib\"",
					"\"$(SRCROOT)/$(TARGET_NAME)/Plugins/cordova_voip_plugin/lib\"",
					"\"$(SRCROOT)/$(TARGET_NAME)/Plugins/cordova_voip_plugin/lib\"",
					"\"$(SRCROOT)/$(TARGET_NAME)/Plugins/cordova_voip_plugin/lib\"",
					"\"$(SRCROOT)/$(TARGET_NAME)/Plugins/cordova_voip_plugin/lib\"",
					"\"$(SRCROOT)/$(TARGET_NAME)/Plugins/cordova_voip_plugin/lib\"",
					"\"$(SRCROOT)/$(TARGET_NAME)/Plugins/cordova_voip_plugin/lib\"",
					"\"$(SRCROOT)/$(TARGET_NAME)/Plugins/cordova_voip_plugin/lib\"",
					"\"$(SRCROOT)/$(TARGET_NAME)/Plugins/cordova_voip_plugin/lib\"",
					"\"$(SRCROOT)/$(TARGET_NAME)/Plugins/cordova_voip_plugin/lib\"",
					"\"$(SRCROOT)/$(TARGET_NAME)/Plugins/cordova_voip_plugin/lib\"",
					"\"$(SRCROOT)/$(TARGET_NAME)/Plugins/cordova_voip_plugin/lib\"",
					"\"$(SRCROOT)/$(TARGET_NAME)/Plugins/cordova_voip_plugin/lib\"",
					"\"$(SRCROOT)/$(TARGET_NAME)/Plugins/cordova_voip_plugin/lib\"",
					"\"$(SRCROOT)/$(TARGET_NAME)/Plugins/cordova_voip_plugin/lib\"",
					"\"$(SRCROOT)/$(TARGET_NAME)/Plugins/cordova_voip_plugin/lib\"",
					"\"$(SRCROOT)/$(TARGET_NAME)/Plugins/cordova_voip_plugin/lib\"",
					"\"$(SRCROOT)/$(TARGET_NAME)/Plugins/cordova_voip_plugin/lib\"",
					"\"$(SRCROOT)/$(TARGET_NAME)/Plugins/cordova_voip_plugin/lib\"",
					"\"$(SRCROOT)/$(TARGET_NAME)/Plugins/cordova_voip_plugin/lib\"",
					"\"$(SRCROOT)/$(TARGET_NAME)/Plugins/cordova_voip_plugin/lib\"",
					"\"$(SRCROOT)/$(TARGET_NAME)/Plugins/cordova_voip_plugin/lib\"",
					"\"$(SRCROOT)/$(TARGET_NAME)/Plugins/cordova_voip_plugin/lib\"",
				);
				PRODUCT_BUNDLE_IDENTIFIER = com.daticloud.datimob;
				PRODUCT_NAME = "$(TARGET_NAME)";
				TARGETED_DEVICE_FAMILY = "1,2";
			};
			name = Debug;
		};
		1D6058950D05DD3E006BFB54 /* Release */ = {
			isa = XCBuildConfiguration;
			baseConfigurationReference = 3047A5101AB8059700498E2A /* build-release.xcconfig */;
			buildSettings = {
				ALWAYS_SEARCH_USER_PATHS = NO;
				ASSETCATALOG_COMPILER_APPICON_NAME = AppIcon;
				ASSETCATALOG_COMPILER_LAUNCHIMAGE_NAME = LaunchImage;
				CLANG_ENABLE_MODULES = YES;
				CLANG_ENABLE_OBJC_ARC = YES;
				CODE_SIGN_IDENTITY = "Apple Development";
				CODE_SIGN_STYLE = Automatic;
				COPY_PHASE_STRIP = YES;
				DEVELOPMENT_TEAM = 4X26AQW5Y2;
				GCC_PRECOMPILE_PREFIX_HEADER = YES;
				GCC_PREFIX_HEADER = "DatiMob/DatiMob-Prefix.pch";
				GCC_THUMB_SUPPORT = NO;
				GCC_VERSION = "";
				INFOPLIST_FILE = "DatiMob/DatiMob-Info.plist";
				IPHONEOS_DEPLOYMENT_TARGET = 10.0;
				LD_RUNPATH_SEARCH_PATHS = "@executable_path/Frameworks";
				LIBRARY_SEARCH_PATHS = (
					"$(inherited)",
					"\"$(SRCROOT)/$(TARGET_NAME)/Plugins/cordova_voip_plugin/lib/mediastreamer/plugins\"",
					"\"$(SRCROOT)/$(TARGET_NAME)/Plugins/cordova_voip_plugin/lib/mediastreamer/plugins\"",
					"\"$(SRCROOT)/$(TARGET_NAME)/Plugins/cordova_voip_plugin/lib/mediastreamer/plugins\"",
					"\"$(SRCROOT)/$(TARGET_NAME)/Plugins/cordova_voip_plugin/lib/mediastreamer/plugins\"",
					"\"$(SRCROOT)/$(TARGET_NAME)/Plugins/cordova_voip_plugin/lib/mediastreamer/plugins\"",
					"\"$(SRCROOT)/$(TARGET_NAME)/Plugins/cordova_voip_plugin/lib/mediastreamer/plugins\"",
					"\"$(SRCROOT)/$(TARGET_NAME)/Plugins/cordova_voip_plugin/lib\"",
					"\"$(SRCROOT)/$(TARGET_NAME)/Plugins/cordova_voip_plugin/lib\"",
					"\"$(SRCROOT)/$(TARGET_NAME)/Plugins/cordova_voip_plugin/lib\"",
					"\"$(SRCROOT)/$(TARGET_NAME)/Plugins/cordova_voip_plugin/lib\"",
					"\"$(SRCROOT)/$(TARGET_NAME)/Plugins/cordova_voip_plugin/lib\"",
					"\"$(SRCROOT)/$(TARGET_NAME)/Plugins/cordova_voip_plugin/lib\"",
					"\"$(SRCROOT)/$(TARGET_NAME)/Plugins/cordova_voip_plugin/lib\"",
					"\"$(SRCROOT)/$(TARGET_NAME)/Plugins/cordova_voip_plugin/lib\"",
					"\"$(SRCROOT)/$(TARGET_NAME)/Plugins/cordova_voip_plugin/lib\"",
					"\"$(SRCROOT)/$(TARGET_NAME)/Plugins/cordova_voip_plugin/lib\"",
					"\"$(SRCROOT)/$(TARGET_NAME)/Plugins/cordova_voip_plugin/lib\"",
					"\"$(SRCROOT)/$(TARGET_NAME)/Plugins/cordova_voip_plugin/lib\"",
					"\"$(SRCROOT)/$(TARGET_NAME)/Plugins/cordova_voip_plugin/lib\"",
					"\"$(SRCROOT)/$(TARGET_NAME)/Plugins/cordova_voip_plugin/lib\"",
					"\"$(SRCROOT)/$(TARGET_NAME)/Plugins/cordova_voip_plugin/lib\"",
					"\"$(SRCROOT)/$(TARGET_NAME)/Plugins/cordova_voip_plugin/lib\"",
					"\"$(SRCROOT)/$(TARGET_NAME)/Plugins/cordova_voip_plugin/lib\"",
					"\"$(SRCROOT)/$(TARGET_NAME)/Plugins/cordova_voip_plugin/lib\"",
					"\"$(SRCROOT)/$(TARGET_NAME)/Plugins/cordova_voip_plugin/lib\"",
					"\"$(SRCROOT)/$(TARGET_NAME)/Plugins/cordova_voip_plugin/lib\"",
					"\"$(SRCROOT)/$(TARGET_NAME)/Plugins/cordova_voip_plugin/lib\"",
					"\"$(SRCROOT)/$(TARGET_NAME)/Plugins/cordova_voip_plugin/lib\"",
					"\"$(SRCROOT)/$(TARGET_NAME)/Plugins/cordova_voip_plugin/lib\"",
					"\"$(SRCROOT)/$(TARGET_NAME)/Plugins/cordova_voip_plugin/lib\"",
					"\"$(SRCROOT)/$(TARGET_NAME)/Plugins/cordova_voip_plugin/lib\"",
					"\"$(SRCROOT)/$(TARGET_NAME)/Plugins/cordova_voip_plugin/lib\"",
					"\"$(SRCROOT)/$(TARGET_NAME)/Plugins/cordova_voip_plugin/lib\"",
					"\"$(SRCROOT)/$(TARGET_NAME)/Plugins/cordova_voip_plugin/lib\"",
					"\"$(SRCROOT)/$(TARGET_NAME)/Plugins/cordova_voip_plugin/lib\"",
					"\"$(SRCROOT)/$(TARGET_NAME)/Plugins/cordova_voip_plugin/lib\"",
					"\"$(SRCROOT)/$(TARGET_NAME)/Plugins/cordova_voip_plugin/lib\"",
				);
				PRODUCT_BUNDLE_IDENTIFIER = com.daticloud.datimob;
				PRODUCT_NAME = "$(TARGET_NAME)";
				PROVISIONING_PROFILE_SPECIFIER = "";
				TARGETED_DEVICE_FAMILY = "1,2";
			};
			name = Release;
		};
		C01FCF4F08A954540054247B /* Debug */ = {
			isa = XCBuildConfiguration;
			baseConfigurationReference = 3047A5111AB8059700498E2A /* build.xcconfig */;
			buildSettings = {
				CLANG_ENABLE_MODULES = YES;
				CLANG_ENABLE_OBJC_ARC = YES;
				CLANG_WARN_BLOCK_CAPTURE_AUTORELEASING = YES;
				CLANG_WARN_BOOL_CONVERSION = YES;
				CLANG_WARN_COMMA = YES;
				CLANG_WARN_CONSTANT_CONVERSION = YES;
				CLANG_WARN_DEPRECATED_OBJC_IMPLEMENTATIONS = YES;
				CLANG_WARN_EMPTY_BODY = YES;
				CLANG_WARN_ENUM_CONVERSION = YES;
				CLANG_WARN_INFINITE_RECURSION = YES;
				CLANG_WARN_INT_CONVERSION = YES;
				CLANG_WARN_NON_LITERAL_NULL_CONVERSION = YES;
				CLANG_WARN_OBJC_IMPLICIT_RETAIN_SELF = YES;
				CLANG_WARN_OBJC_LITERAL_CONVERSION = YES;
				CLANG_WARN_RANGE_LOOP_ANALYSIS = YES;
				CLANG_WARN_STRICT_PROTOTYPES = YES;
				CLANG_WARN_SUSPICIOUS_MOVE = YES;
				CLANG_WARN_UNREACHABLE_CODE = YES;
				CLANG_WARN__DUPLICATE_METHOD_MATCH = YES;
				ENABLE_STRICT_OBJC_MSGSEND = YES;
				ENABLE_TESTABILITY = YES;
				GCC_C_LANGUAGE_STANDARD = c99;
				GCC_NO_COMMON_BLOCKS = YES;
				GCC_THUMB_SUPPORT = NO;
				GCC_VERSION = "";
				GCC_WARN_64_TO_32_BIT_CONVERSION = YES;
				GCC_WARN_ABOUT_RETURN_TYPE = YES;
				GCC_WARN_UNDECLARED_SELECTOR = YES;
				GCC_WARN_UNINITIALIZED_AUTOS = YES;
				GCC_WARN_UNUSED_FUNCTION = YES;
				GCC_WARN_UNUSED_VARIABLE = YES;
				IPHONEOS_DEPLOYMENT_TARGET = 13.0;
				ONLY_ACTIVE_ARCH = YES;
				PRODUCT_BUNDLE_IDENTIFIER = com.daticloud.datimob;
				SDKROOT = iphoneos;
				SKIP_INSTALL = NO;
			};
			name = Debug;
		};
		C01FCF5008A954540054247B /* Release */ = {
			isa = XCBuildConfiguration;
			baseConfigurationReference = 3047A5111AB8059700498E2A /* build.xcconfig */;
			buildSettings = {
				CLANG_ENABLE_MODULES = YES;
				CLANG_ENABLE_OBJC_ARC = YES;
				CLANG_WARN_BLOCK_CAPTURE_AUTORELEASING = YES;
				CLANG_WARN_BOOL_CONVERSION = YES;
				CLANG_WARN_COMMA = YES;
				CLANG_WARN_CONSTANT_CONVERSION = YES;
				CLANG_WARN_DEPRECATED_OBJC_IMPLEMENTATIONS = YES;
				CLANG_WARN_EMPTY_BODY = YES;
				CLANG_WARN_ENUM_CONVERSION = YES;
				CLANG_WARN_INFINITE_RECURSION = YES;
				CLANG_WARN_INT_CONVERSION = YES;
				CLANG_WARN_NON_LITERAL_NULL_CONVERSION = YES;
				CLANG_WARN_OBJC_IMPLICIT_RETAIN_SELF = YES;
				CLANG_WARN_OBJC_LITERAL_CONVERSION = YES;
				CLANG_WARN_RANGE_LOOP_ANALYSIS = YES;
				CLANG_WARN_STRICT_PROTOTYPES = YES;
				CLANG_WARN_SUSPICIOUS_MOVE = YES;
				CLANG_WARN_UNREACHABLE_CODE = YES;
				CLANG_WARN__DUPLICATE_METHOD_MATCH = YES;
				ENABLE_STRICT_OBJC_MSGSEND = YES;
				GCC_C_LANGUAGE_STANDARD = c99;
				GCC_NO_COMMON_BLOCKS = YES;
				GCC_THUMB_SUPPORT = NO;
				GCC_VERSION = "";
				GCC_WARN_64_TO_32_BIT_CONVERSION = YES;
				GCC_WARN_ABOUT_RETURN_TYPE = YES;
				GCC_WARN_UNDECLARED_SELECTOR = YES;
				GCC_WARN_UNINITIALIZED_AUTOS = YES;
				GCC_WARN_UNUSED_FUNCTION = YES;
				GCC_WARN_UNUSED_VARIABLE = YES;
				IPHONEOS_DEPLOYMENT_TARGET = 13.0;
				PRODUCT_BUNDLE_IDENTIFIER = com.daticloud.datimob;
				SDKROOT = iphoneos;
				SKIP_INSTALL = NO;
			};
			name = Release;
		};
/* End XCBuildConfiguration section */

/* Begin XCConfigurationList section */
		1D6058960D05DD3E006BFB54 /* Build configuration list for PBXNativeTarget "DatiMob" */ = {
			isa = XCConfigurationList;
			buildConfigurations = (
				1D6058940D05DD3E006BFB54 /* Debug */,
				1D6058950D05DD3E006BFB54 /* Release */,
			);
			defaultConfigurationIsVisible = 0;
			defaultConfigurationName = Release;
		};
		C01FCF4E08A954540054247B /* Build configuration list for PBXProject "DatiMob" */ = {
			isa = XCConfigurationList;
			buildConfigurations = (
				C01FCF4F08A954540054247B /* Debug */,
				C01FCF5008A954540054247B /* Release */,
			);
			defaultConfigurationIsVisible = 0;
			defaultConfigurationName = Release;
		};
/* End XCConfigurationList section */
	};
	rootObject = 29B97313FDCFA39411CA2CEA /* Project object */;
}
